
Microsoft Visual Studio Solution File, Format Version 12.00
# Visual Studio Version 16
VisualStudioVersion = 16.0.31019.194
MinimumVisualStudioVersion = 10.0.40219.1
Project("{9A19103F-16F7-4668-BE54-9A1E7A4F7556}") = "OpcAlarmServer", "src\OpcAlarmServer\OpcAlarmServer.csproj", "{35009465-BB58-496A-8298-E5739B954C15}"
EndProject
Project("{FAE04EC0-301F-11D3-BF4B-00C04F79EFBC}") = "TestOpcAlarmServer", "TestOpcAlarmServer\TestOpcAlarmServer.csproj", "{22DB5730-9BCA-4625-BD69-4404A7A36C5B}"
EndProject
Global
	GlobalSection(SolutionConfigurationPlatforms) = preSolution
		Debug|Any CPU = Debug|Any CPU
		Release|Any CPU = Release|Any CPU
	EndGlobalSection
	GlobalSection(ProjectConfigurationPlatforms) = postSolution
		{35009465-BB58-496A-8298-E5739B954C15}.Debug|Any CPU.ActiveCfg = Debug|Any CPU
		{35009465-BB58-496A-8298-E5739B954C15}.Debug|Any CPU.Build.0 = Debug|Any CPU
		{35009465-BB58-496A-8298-E5739B954C15}.Release|Any CPU.ActiveCfg = Release|Any CPU
		{35009465-BB58-496A-8298-E5739B954C15}.Release|Any CPU.Build.0 = Release|Any CPU
		{22DB5730-9BCA-4625-BD69-4404A7A36C5B}.Debug|Any CPU.ActiveCfg = Debug|Any CPU
		{22DB5730-9BCA-4625-BD69-4404A7A36C5B}.Debug|Any CPU.Build.0 = Debug|Any CPU
		{22DB5730-9BCA-4625-BD69-4404A7A36C5B}.Release|Any CPU.ActiveCfg = Release|Any CPU
		{22DB5730-9BCA-4625-BD69-4404A7A36C5B}.Release|Any CPU.Build.0 = Release|Any CPU
	EndGlobalSection
	GlobalSection(SolutionProperties) = preSolution
		HideSolutionNode = FALSE
	EndGlobalSection
	GlobalSection(ExtensibilityGlobals) = postSolution
		SolutionGuid = {DF2F0273-B7D8-4283-BBD8-319B8DEC8C2F}
	EndGlobalSection
EndGlobal
